github.com/ftrvxmtrx/fd v0.0.0-20150925145434-c6d800382fff h1:zk1wwii7uXmI0znwU+lqg+wFL9G5+vm5I+9rv2let60=
github.com/ftrvxmtrx/fd v0.0.0-20150925145434-c6d800382fff/go.mod h1:yUhRXHewUVJ1k89wHKP68xfzk7kwXUx/DV1nx4EBMbw=
github.com/hashicorp/errwrap v1.0.0 h1:hLrqtEDnRye3+sgx6z4qVLNuviH3MR5aQ0ykNJa/UYA=
github.com/hashicorp/errwrap v1.0.0/go.mod h1:YH+1FKiLXxHSkmPseP+kNlulaMuP3n2brvKWEqk/Jc4=
github.com/pkg/errors v0.8.1 h1:iURUrRGxPUNPdy5/HRSm+Yj6okJ6UtLINN0Q9M4+h3I=
github.com/pkg/errors v0.8.1/go.mod h1:bwawxfHBFNV+L2hUp1rHADufV3IMtnDRdf1r5NINEl0=
github.com/rkt/rkt v1.30.0 h1:ZI5RQtSibfjicSttV/HLiHuWreYClEJA2Or5XKAdJb0=
github.com/rkt/rkt v1.30.0/go.mod h1:V5VwmwHe6x1kflB4uXl1XJwXTgRISEMt2lZE6m6lXd0=
